
Microsoft Visual Studio Solution File, Format Version 12.00
# Visual Studio Version 17
VisualStudioVersion = 17.0.31903.59
MinimumVisualStudioVersion = 10.0.40219.1
Project("{FAE04EC0-301F-11D3-BF4B-00C04F79EFBC}") = "Core.Domain", "Core.Domain\Core.Domain.csproj", "{45DFBDB6-5C1E-4B67-82E3-4ADA27F58404}"
EndProject
Project("{FAE04EC0-301F-11D3-BF4B-00C04F79EFBC}") = "Core.Application", "Core.Application\Core.Application.csproj", "{39C880AD-DE26-4F53-8003-AA9D24ADEA40}"
EndProject
Project("{FAE04EC0-301F-11D3-BF4B-00C04F79EFBC}") = "Core.Infrastructure", "Core.Infrastructure\Core.Infrastructure.csproj", "{7C092AEA-0737-4CF6-9FE1-CC648B97C2A1}"
EndProject
Project("{FAE04EC0-301F-11D3-BF4B-00C04F79EFBC}") = "API", "API\API.csproj", "{426F39B2-2728-4D9B-A5B5-9B3693C9DABD}"
EndProject
Global
	GlobalSection(SolutionConfigurationPlatforms) = preSolution
		Debug|Any CPU = Debug|Any CPU
		Debug|x64 = Debug|x64
		Debug|x86 = Debug|x86
		Release|Any CPU = Release|Any CPU
		Release|x64 = Release|x64
		Release|x86 = Release|x86
	EndGlobalSection
	GlobalSection(ProjectConfigurationPlatforms) = postSolution
		{45DFBDB6-5C1E-4B67-82E3-4ADA27F58404}.Debug|Any CPU.ActiveCfg = Debug|Any CPU
		{45DFBDB6-5C1E-4B67-82E3-4ADA27F58404}.Debug|Any CPU.Build.0 = Debug|Any CPU
		{45DFBDB6-5C1E-4B67-82E3-4ADA27F58404}.Debug|x64.ActiveCfg = Debug|Any CPU
		{45DFBDB6-5C1E-4B67-82E3-4ADA27F58404}.Debug|x64.Build.0 = Debug|Any CPU
		{45DFBDB6-5C1E-4B67-82E3-4ADA27F58404}.Debug|x86.ActiveCfg = Debug|Any CPU
		{45DFBDB6-5C1E-4B67-82E3-4ADA27F58404}.Debug|x86.Build.0 = Debug|Any CPU
		{45DFBDB6-5C1E-4B67-82E3-4ADA27F58404}.Release|Any CPU.ActiveCfg = Release|Any CPU
		{45DFBDB6-5C1E-4B67-82E3-4ADA27F58404}.Release|Any CPU.Build.0 = Release|Any CPU
		{45DFBDB6-5C1E-4B67-82E3-4ADA27F58404}.Release|x64.ActiveCfg = Release|Any CPU
		{45DFBDB6-5C1E-4B67-82E3-4ADA27F58404}.Release|x64.Build.0 = Release|Any CPU
		{45DFBDB6-5C1E-4B67-82E3-4ADA27F58404}.Release|x86.ActiveCfg = Release|Any CPU
		{45DFBDB6-5C1E-4B67-82E3-4ADA27F58404}.Release|x86.Build.0 = Release|Any CPU
		{39C880AD-DE26-4F53-8003-AA9D24ADEA40}.Debug|Any CPU.ActiveCfg = Debug|Any CPU
		{39C880AD-DE26-4F53-8003-AA9D24ADEA40}.Debug|Any CPU.Build.0 = Debug|Any CPU
		{39C880AD-DE26-4F53-8003-AA9D24ADEA40}.Debug|x64.ActiveCfg = Debug|Any CPU
		{39C880AD-DE26-4F53-8003-AA9D24ADEA40}.Debug|x64.Build.0 = Debug|Any CPU
		{39C880AD-DE26-4F53-8003-AA9D24ADEA40}.Debug|x86.ActiveCfg = Debug|Any CPU
		{39C880AD-DE26-4F53-8003-AA9D24ADEA40}.Debug|x86.Build.0 = Debug|Any CPU
		{39C880AD-DE26-4F53-8003-AA9D24ADEA40}.Release|Any CPU.ActiveCfg = Release|Any CPU
		{39C880AD-DE26-4F53-8003-AA9D24ADEA40}.Release|Any CPU.Build.0 = Release|Any CPU
		{39C880AD-DE26-4F53-8003-AA9D24ADEA40}.Release|x64.ActiveCfg = Release|Any CPU
		{39C880AD-DE26-4F53-8003-AA9D24ADEA40}.Release|x64.Build.0 = Release|Any CPU
		{39C880AD-DE26-4F53-8003-AA9D24ADEA40}.Release|x86.ActiveCfg = Release|Any CPU
		{39C880AD-DE26-4F53-8003-AA9D24ADEA40}.Release|x86.Build.0 = Release|Any CPU
		{7C092AEA-0737-4CF6-9FE1-CC648B97C2A1}.Debug|Any CPU.ActiveCfg = Debug|Any CPU
		{7C092AEA-0737-4CF6-9FE1-CC648B97C2A1}.Debug|Any CPU.Build.0 = Debug|Any CPU
		{7C092AEA-0737-4CF6-9FE1-CC648B97C2A1}.Debug|x64.ActiveCfg = Debug|Any CPU
		{7C092AEA-0737-4CF6-9FE1-CC648B97C2A1}.Debug|x64.Build.0 = Debug|Any CPU
		{7C092AEA-0737-4CF6-9FE1-CC648B97C2A1}.Debug|x86.ActiveCfg = Debug|Any CPU
		{7C092AEA-0737-4CF6-9FE1-CC648B97C2A1}.Debug|x86.Build.0 = Debug|Any CPU
		{7C092AEA-0737-4CF6-9FE1-CC648B97C2A1}.Release|Any CPU.ActiveCfg = Release|Any CPU
		{7C092AEA-0737-4CF6-9FE1-CC648B97C2A1}.Release|Any CPU.Build.0 = Release|Any CPU
		{7C092AEA-0737-4CF6-9FE1-CC648B97C2A1}.Release|x64.ActiveCfg = Release|Any CPU
		{7C092AEA-0737-4CF6-9FE1-CC648B97C2A1}.Release|x64.Build.0 = Release|Any CPU
		{7C092AEA-0737-4CF6-9FE1-CC648B97C2A1}.Release|x86.ActiveCfg = Release|Any CPU
		{7C092AEA-0737-4CF6-9FE1-CC648B97C2A1}.Release|x86.Build.0 = Release|Any CPU
		{426F39B2-2728-4D9B-A5B5-9B3693C9DABD}.Debug|Any CPU.ActiveCfg = Debug|Any CPU
		{426F39B2-2728-4D9B-A5B5-9B3693C9DABD}.Debug|Any CPU.Build.0 = Debug|Any CPU
		{426F39B2-2728-4D9B-A5B5-9B3693C9DABD}.Debug|x64.ActiveCfg = Debug|Any CPU
		{426F39B2-2728-4D9B-A5B5-9B3693C9DABD}.Debug|x64.Build.0 = Debug|Any CPU
		{426F39B2-2728-4D9B-A5B5-9B3693C9DABD}.Debug|x86.ActiveCfg = Debug|Any CPU
		{426F39B2-2728-4D9B-A5B5-9B3693C9DABD}.Debug|x86.Build.0 = Debug|Any CPU
		{426F39B2-2728-4D9B-A5B5-9B3693C9DABD}.Release|Any CPU.ActiveCfg = Release|Any CPU
		{426F39B2-2728-4D9B-A5B5-9B3693C9DABD}.Release|Any CPU.Build.0 = Release|Any CPU
		{426F39B2-2728-4D9B-A5B5-9B3693C9DABD}.Release|x64.ActiveCfg = Release|Any CPU
		{426F39B2-2728-4D9B-A5B5-9B3693C9DABD}.Release|x64.Build.0 = Release|Any CPU
		{426F39B2-2728-4D9B-A5B5-9B3693C9DABD}.Release|x86.ActiveCfg = Release|Any CPU
		{426F39B2-2728-4D9B-A5B5-9B3693C9DABD}.Release|x86.Build.0 = Release|Any CPU
	EndGlobalSection
	GlobalSection(SolutionProperties) = preSolution
		HideSolutionNode = FALSE
	EndGlobalSection
EndGlobal
